
Microsoft Visual Studio Solution File, Format Version 11.00
# Visual Studio 2010
Project("{8BC9CEB8-8B4A-11D0-8D11-00A0C91BC942}") = "Tools", "Tools\Tools.vcxproj", "{B66B44FE-0948-442F-8F5D-E3AB81A8158C}"
EndProject
Global
	GlobalSection(SolutionConfigurationPlatforms) = preSolution
		Debug|Win32 = Debug|Win32
		Release|Win32 = Release|Win32
	EndGlobalSection
	GlobalSection(ProjectConfigurationPlatforms) = postSolution
		{B66B44FE-0948-442F-8F5D-E3AB81A8158C}.Debug|Win32.ActiveCfg = Debug|Win32
		{B66B44FE-0948-442F-8F5D-E3AB81A8158C}.Debug|Win32.Build.0 = Debug|Win32
		{B66B44FE-0948-442F-8F5D-E3AB81A8158C}.Release|Win32.ActiveCfg = Release|Win32
		{B66B44FE-0948-442F-8F5D-E3AB81A8158C}.Release|Win32.Build.0 = Release|Win32
	EndGlobalSection
	GlobalSection(SolutionProperties) = preSolution
		HideSolutionNode = FALSE
	EndGlobalSection
EndGlobal
